
Microsoft Visual Studio Solution File, Format Version 12.00
# Visual Studio Version 16
VisualStudioVersion = 16.0.31624.102
MinimumVisualStudioVersion = 10.0.40219.1
Project("{888888A0-9F3D-457C-B088-3A5042F75D52}") = "Delievery Routing and Tracking Simulation", "Delievery Routing and Tracking Simulation\Delievery Routing and Tracking Simulation.pyproj", "{5BAAD3CE-5C9D-4D54-A944-881A8B58E642}"
EndProject
Global
	GlobalSection(SolutionConfigurationPlatforms) = preSolution
		Debug|Any CPU = Debug|Any CPU
		Release|Any CPU = Release|Any CPU
	EndGlobalSection
	GlobalSection(ProjectConfigurationPlatforms) = postSolution
		{5BAAD3CE-5C9D-4D54-A944-881A8B58E642}.Debug|Any CPU.ActiveCfg = Debug|Any CPU
		{5BAAD3CE-5C9D-4D54-A944-881A8B58E642}.Release|Any CPU.ActiveCfg = Release|Any CPU
	EndGlobalSection
	GlobalSection(SolutionProperties) = preSolution
		HideSolutionNode = FALSE
	EndGlobalSection
	GlobalSection(ExtensibilityGlobals) = postSolution
		SolutionGuid = {A64ABB82-93B7-49C0-8CA7-BBA868CFC625}
	EndGlobalSection
EndGlobal
